
Microsoft Visual Studio Solution File, Format Version 12.00
# Visual Studio Version 17
VisualStudioVersion = 17.6.33815.320
MinimumVisualStudioVersion = 10.0.40219.1
Project("{FAE04EC0-301F-11D3-BF4B-00C04F79EFBC}") = "Exzamen_C3", "Exzamen_C3\Exzamen_C3.csproj", "{52E4814A-58F6-4EF5-956F-BD2136ABD36B}"
EndProject
Global
	GlobalSection(SolutionConfigurationPlatforms) = preSolution
		Debug|Any CPU = Debug|Any CPU
		Release|Any CPU = Release|Any CPU
	EndGlobalSection
	GlobalSection(ProjectConfigurationPlatforms) = postSolution
		{52E4814A-58F6-4EF5-956F-BD2136ABD36B}.Debug|Any CPU.ActiveCfg = Debug|Any CPU
		{52E4814A-58F6-4EF5-956F-BD2136ABD36B}.Debug|Any CPU.Build.0 = Debug|Any CPU
		{52E4814A-58F6-4EF5-956F-BD2136ABD36B}.Release|Any CPU.ActiveCfg = Release|Any CPU
		{52E4814A-58F6-4EF5-956F-BD2136ABD36B}.Release|Any CPU.Build.0 = Release|Any CPU
	EndGlobalSection
	GlobalSection(SolutionProperties) = preSolution
		HideSolutionNode = FALSE
	EndGlobalSection
	GlobalSection(ExtensibilityGlobals) = postSolution
		SolutionGuid = {53738F11-2BEE-47C0-976A-C44087621092}
	EndGlobalSection
EndGlobal
